
Microsoft Visual Studio Solution File, Format Version 11.00
# Visual Studio 2010
Project("{FAE04EC0-301F-11D3-BF4B-00C04F79EFBC}") = "Cnas.Siui.Cnp2Cid", "Cnas.Siui.Cnp2Cid\Cnas.Siui.Cnp2Cid.csproj", "{24F2EF83-95D1-4470-96C1-C677A2D09F09}"
EndProject
Project("{2150E333-8FDC-42A3-9474-1A3956D46DE8}") = "Libs", "Libs", "{13F3C29F-46A7-4D28-93FB-C23F22BF1410}"
	ProjectSection(SolutionItems) = preProject
		Libs\CidGen\CidGen32.dll = Libs\CidGen\CidGen32.dll
		Libs\CidGen\Cnas.Siui.CidGen.dll = Libs\CidGen\Cnas.Siui.CidGen.dll
		Libs\CidGen\msvcp100.dll = Libs\CidGen\msvcp100.dll
		Libs\CidGen\msvcr100.dll = Libs\CidGen\msvcr100.dll
	EndProjectSection
EndProject
Global
	GlobalSection(SolutionConfigurationPlatforms) = preSolution
		Debug|Any CPU = Debug|Any CPU
		Release|Any CPU = Release|Any CPU
	EndGlobalSection
	GlobalSection(ProjectConfigurationPlatforms) = postSolution
		{24F2EF83-95D1-4470-96C1-C677A2D09F09}.Debug|Any CPU.ActiveCfg = Debug|Any CPU
		{24F2EF83-95D1-4470-96C1-C677A2D09F09}.Debug|Any CPU.Build.0 = Debug|Any CPU
		{24F2EF83-95D1-4470-96C1-C677A2D09F09}.Release|Any CPU.ActiveCfg = Release|Any CPU
		{24F2EF83-95D1-4470-96C1-C677A2D09F09}.Release|Any CPU.Build.0 = Release|Any CPU
	EndGlobalSection
	GlobalSection(SolutionProperties) = preSolution
		HideSolutionNode = FALSE
	EndGlobalSection
EndGlobal
